
Microsoft Visual Studio Solution File, Format Version 12.00
# Visual Studio Version 16
VisualStudioVersion = 16.0.29613.14
MinimumVisualStudioVersion = 10.0.40219.1
Project("{FAE04EC0-301F-11D3-BF4B-00C04F79EFBC}") = "BookShopApi", "BookShopApi.csproj", "{45ABB91E-C03F-4C3D-904E-D95C8336AFF4}"
EndProject
Global
	GlobalSection(SolutionConfigurationPlatforms) = preSolution
		Debug|Any CPU = Debug|Any CPU
		Release|Any CPU = Release|Any CPU
	EndGlobalSection
	GlobalSection(ProjectConfigurationPlatforms) = postSolution
		{45ABB91E-C03F-4C3D-904E-D95C8336AFF4}.Debug|Any CPU.ActiveCfg = Debug|Any CPU
		{45ABB91E-C03F-4C3D-904E-D95C8336AFF4}.Debug|Any CPU.Build.0 = Debug|Any CPU
		{45ABB91E-C03F-4C3D-904E-D95C8336AFF4}.Release|Any CPU.ActiveCfg = Release|Any CPU
		{45ABB91E-C03F-4C3D-904E-D95C8336AFF4}.Release|Any CPU.Build.0 = Release|Any CPU
	EndGlobalSection
	GlobalSection(SolutionProperties) = preSolution
		HideSolutionNode = FALSE
	EndGlobalSection
	GlobalSection(ExtensibilityGlobals) = postSolution
		SolutionGuid = {06E6BBE4-CB00-4A26-B6B8-20D3FDE3E6BA}
	EndGlobalSection
EndGlobal
